
Microsoft Visual Studio Solution File, Format Version 12.00
# Visual Studio 15
VisualStudioVersion = 15.0.28010.2046
MinimumVisualStudioVersion = 10.0.40219.1
Project("{FAE04EC0-301F-11D3-BF4B-00C04F79EFBC}") = "Esercizio_5()", "Esercizio_5()\Esercizio_5().csproj", "{B34B888A-571D-42A0-96C3-DAE9B532B41A}"
EndProject
Global
	GlobalSection(SolutionConfigurationPlatforms) = preSolution
		Debug|Any CPU = Debug|Any CPU
		Release|Any CPU = Release|Any CPU
	EndGlobalSection
	GlobalSection(ProjectConfigurationPlatforms) = postSolution
		{B34B888A-571D-42A0-96C3-DAE9B532B41A}.Debug|Any CPU.ActiveCfg = Debug|Any CPU
		{B34B888A-571D-42A0-96C3-DAE9B532B41A}.Debug|Any CPU.Build.0 = Debug|Any CPU
		{B34B888A-571D-42A0-96C3-DAE9B532B41A}.Release|Any CPU.ActiveCfg = Release|Any CPU
		{B34B888A-571D-42A0-96C3-DAE9B532B41A}.Release|Any CPU.Build.0 = Release|Any CPU
	EndGlobalSection
	GlobalSection(SolutionProperties) = preSolution
		HideSolutionNode = FALSE
	EndGlobalSection
	GlobalSection(ExtensibilityGlobals) = postSolution
		SolutionGuid = {5924A982-4B3D-48DF-8E64-EE790811A6AC}
	EndGlobalSection
EndGlobal
